
Microsoft Visual Studio Solution File, Format Version 12.00
# Visual Studio Version 16
VisualStudioVersion = 16.0.30611.23
MinimumVisualStudioVersion = 10.0.40219.1
Project("{FAE04EC0-301F-11D3-BF4B-00C04F79EFBC}") = "scala.LussenOefening.Wpf", "scala.LussenOefening.Wpf\scala.LussenOefening.Wpf.csproj", "{8F117536-42F8-487D-9497-83125FBB312A}"
EndProject
Global
	GlobalSection(SolutionConfigurationPlatforms) = preSolution
		Debug|Any CPU = Debug|Any CPU
		Release|Any CPU = Release|Any CPU
	EndGlobalSection
	GlobalSection(ProjectConfigurationPlatforms) = postSolution
		{8F117536-42F8-487D-9497-83125FBB312A}.Debug|Any CPU.ActiveCfg = Debug|Any CPU
		{8F117536-42F8-487D-9497-83125FBB312A}.Debug|Any CPU.Build.0 = Debug|Any CPU
		{8F117536-42F8-487D-9497-83125FBB312A}.Release|Any CPU.ActiveCfg = Release|Any CPU
		{8F117536-42F8-487D-9497-83125FBB312A}.Release|Any CPU.Build.0 = Release|Any CPU
	EndGlobalSection
	GlobalSection(SolutionProperties) = preSolution
		HideSolutionNode = FALSE
	EndGlobalSection
	GlobalSection(ExtensibilityGlobals) = postSolution
		SolutionGuid = {4EE46E67-ADA4-4821-95FB-F00D8A3CDB12}
	EndGlobalSection
EndGlobal
